
Microsoft Visual Studio Solution File, Format Version 12.00
# Visual Studio Version 17
VisualStudioVersion = 17.4.33205.214
MinimumVisualStudioVersion = 10.0.40219.1
Project("{9A19103F-16F7-4668-BE54-9A1E7A4F7556}") = "Class09.FileSystem", "Class09.FileSystem\Class09.FileSystem.csproj", "{97994791-AABB-4DDB-A21D-552776D56681}"
EndProject
Project("{FAE04EC0-301F-11D3-BF4B-00C04F79EFBC}") = "Class09.FileStreams", "Class09.FileStreams\Class09.FileStreams.csproj", "{99864641-FD0B-468E-B8A2-38751AE939F1}"
EndProject
Project("{FAE04EC0-301F-11D3-BF4B-00C04F79EFBC}") = "Exercises", "Exercises\Exercises.csproj", "{DAF1C3E5-CD88-410B-86FF-8F902700FF8B}"
EndProject
Global
	GlobalSection(SolutionConfigurationPlatforms) = preSolution
		Debug|Any CPU = Debug|Any CPU
		Release|Any CPU = Release|Any CPU
	EndGlobalSection
	GlobalSection(ProjectConfigurationPlatforms) = postSolution
		{97994791-AABB-4DDB-A21D-552776D56681}.Debug|Any CPU.ActiveCfg = Debug|Any CPU
		{97994791-AABB-4DDB-A21D-552776D56681}.Debug|Any CPU.Build.0 = Debug|Any CPU
		{97994791-AABB-4DDB-A21D-552776D56681}.Release|Any CPU.ActiveCfg = Release|Any CPU
		{97994791-AABB-4DDB-A21D-552776D56681}.Release|Any CPU.Build.0 = Release|Any CPU
		{99864641-FD0B-468E-B8A2-38751AE939F1}.Debug|Any CPU.ActiveCfg = Debug|Any CPU
		{99864641-FD0B-468E-B8A2-38751AE939F1}.Debug|Any CPU.Build.0 = Debug|Any CPU
		{99864641-FD0B-468E-B8A2-38751AE939F1}.Release|Any CPU.ActiveCfg = Release|Any CPU
		{99864641-FD0B-468E-B8A2-38751AE939F1}.Release|Any CPU.Build.0 = Release|Any CPU
		{DAF1C3E5-CD88-410B-86FF-8F902700FF8B}.Debug|Any CPU.ActiveCfg = Debug|Any CPU
		{DAF1C3E5-CD88-410B-86FF-8F902700FF8B}.Debug|Any CPU.Build.0 = Debug|Any CPU
		{DAF1C3E5-CD88-410B-86FF-8F902700FF8B}.Release|Any CPU.ActiveCfg = Release|Any CPU
		{DAF1C3E5-CD88-410B-86FF-8F902700FF8B}.Release|Any CPU.Build.0 = Release|Any CPU
	EndGlobalSection
	GlobalSection(SolutionProperties) = preSolution
		HideSolutionNode = FALSE
	EndGlobalSection
	GlobalSection(ExtensibilityGlobals) = postSolution
		SolutionGuid = {707F2F4D-6C14-4E73-915B-0537D03FA892}
	EndGlobalSection
EndGlobal
