
Microsoft Visual Studio Solution File, Format Version 12.00
# Visual Studio Version 17
VisualStudioVersion = 17.4.33205.214
MinimumVisualStudioVersion = 10.0.40219.1
Project("{FAE04EC0-301F-11D3-BF4B-00C04F79EFBC}") = "taxi-workshop.App", "taxi-workshop\taxi-workshop.App.csproj", "{8BC0D287-37EE-47C6-BA52-C428F8EBF04D}"
EndProject
Project("{FAE04EC0-301F-11D3-BF4B-00C04F79EFBC}") = "taxi-workshop.DomainModels", "taxi-workshop.DomainModels\taxi-workshop.DomainModels.csproj", "{0EE8FCA6-F2A9-4D8F-BA01-3F8C7CCE6D7F}"
EndProject
Project("{FAE04EC0-301F-11D3-BF4B-00C04F79EFBC}") = "taxi-workshop.Services", "taxi-workshop.Services\taxi-workshop.Services.csproj", "{C3601465-ACC7-45DF-B57D-BAC4348FAA2D}"
EndProject
Project("{FAE04EC0-301F-11D3-BF4B-00C04F79EFBC}") = "taxi-workshop.DataAccess", "taxi-workshop.DataAccess\taxi-workshop.DataAccess.csproj", "{F52A8C8B-9764-4FDB-BC70-5F9E594A3C67}"
EndProject
Global
	GlobalSection(SolutionConfigurationPlatforms) = preSolution
		Debug|Any CPU = Debug|Any CPU
		Release|Any CPU = Release|Any CPU
	EndGlobalSection
	GlobalSection(ProjectConfigurationPlatforms) = postSolution
		{8BC0D287-37EE-47C6-BA52-C428F8EBF04D}.Debug|Any CPU.ActiveCfg = Debug|Any CPU
		{8BC0D287-37EE-47C6-BA52-C428F8EBF04D}.Debug|Any CPU.Build.0 = Debug|Any CPU
		{8BC0D287-37EE-47C6-BA52-C428F8EBF04D}.Release|Any CPU.ActiveCfg = Release|Any CPU
		{8BC0D287-37EE-47C6-BA52-C428F8EBF04D}.Release|Any CPU.Build.0 = Release|Any CPU
		{0EE8FCA6-F2A9-4D8F-BA01-3F8C7CCE6D7F}.Debug|Any CPU.ActiveCfg = Debug|Any CPU
		{0EE8FCA6-F2A9-4D8F-BA01-3F8C7CCE6D7F}.Debug|Any CPU.Build.0 = Debug|Any CPU
		{0EE8FCA6-F2A9-4D8F-BA01-3F8C7CCE6D7F}.Release|Any CPU.ActiveCfg = Release|Any CPU
		{0EE8FCA6-F2A9-4D8F-BA01-3F8C7CCE6D7F}.Release|Any CPU.Build.0 = Release|Any CPU
		{C3601465-ACC7-45DF-B57D-BAC4348FAA2D}.Debug|Any CPU.ActiveCfg = Debug|Any CPU
		{C3601465-ACC7-45DF-B57D-BAC4348FAA2D}.Debug|Any CPU.Build.0 = Debug|Any CPU
		{C3601465-ACC7-45DF-B57D-BAC4348FAA2D}.Release|Any CPU.ActiveCfg = Release|Any CPU
		{C3601465-ACC7-45DF-B57D-BAC4348FAA2D}.Release|Any CPU.Build.0 = Release|Any CPU
		{F52A8C8B-9764-4FDB-BC70-5F9E594A3C67}.Debug|Any CPU.ActiveCfg = Debug|Any CPU
		{F52A8C8B-9764-4FDB-BC70-5F9E594A3C67}.Debug|Any CPU.Build.0 = Debug|Any CPU
		{F52A8C8B-9764-4FDB-BC70-5F9E594A3C67}.Release|Any CPU.ActiveCfg = Release|Any CPU
		{F52A8C8B-9764-4FDB-BC70-5F9E594A3C67}.Release|Any CPU.Build.0 = Release|Any CPU
	EndGlobalSection
	GlobalSection(SolutionProperties) = preSolution
		HideSolutionNode = FALSE
	EndGlobalSection
	GlobalSection(ExtensibilityGlobals) = postSolution
		SolutionGuid = {D8D044EC-E58A-40A7-8FFF-2383BF3A6CFB}
	EndGlobalSection
EndGlobal
